
Microsoft Visual Studio Solution File, Format Version 12.00
# Visual Studio Version 17
VisualStudioVersion = 17.0.31606.5
MinimumVisualStudioVersion = 10.0.40219.1
Project("{FAE04EC0-301F-11D3-BF4B-00C04F79EFBC}") = "kragh.dev.Blazor.Client", "kragh.dev.Blazor\Client\kragh.dev.Blazor.Client.csproj", "{BF502EB2-8203-42F7-9913-48637A9C85DF}"
EndProject
Project("{FAE04EC0-301F-11D3-BF4B-00C04F79EFBC}") = "kragh.dev.Blazor.Server", "kragh.dev.Blazor\Server\kragh.dev.Blazor.Server.csproj", "{4D2BDAF5-4809-4D2F-8160-D5A2427E952D}"
EndProject
Project("{FAE04EC0-301F-11D3-BF4B-00C04F79EFBC}") = "kragh.dev.Blazor.Shared", "kragh.dev.Blazor\Shared\kragh.dev.Blazor.Shared.csproj", "{4545F36E-C5C3-4213-8DA2-21EBFBF8F89B}"
EndProject
Global
	GlobalSection(SolutionConfigurationPlatforms) = preSolution
		Debug|Any CPU = Debug|Any CPU
		Release|Any CPU = Release|Any CPU
	EndGlobalSection
	GlobalSection(ProjectConfigurationPlatforms) = postSolution
		{BF502EB2-8203-42F7-9913-48637A9C85DF}.Debug|Any CPU.ActiveCfg = Debug|Any CPU
		{BF502EB2-8203-42F7-9913-48637A9C85DF}.Debug|Any CPU.Build.0 = Debug|Any CPU
		{BF502EB2-8203-42F7-9913-48637A9C85DF}.Release|Any CPU.ActiveCfg = Release|Any CPU
		{BF502EB2-8203-42F7-9913-48637A9C85DF}.Release|Any CPU.Build.0 = Release|Any CPU
		{4D2BDAF5-4809-4D2F-8160-D5A2427E952D}.Debug|Any CPU.ActiveCfg = Debug|Any CPU
		{4D2BDAF5-4809-4D2F-8160-D5A2427E952D}.Debug|Any CPU.Build.0 = Debug|Any CPU
		{4D2BDAF5-4809-4D2F-8160-D5A2427E952D}.Release|Any CPU.ActiveCfg = Release|Any CPU
		{4D2BDAF5-4809-4D2F-8160-D5A2427E952D}.Release|Any CPU.Build.0 = Release|Any CPU
		{4545F36E-C5C3-4213-8DA2-21EBFBF8F89B}.Debug|Any CPU.ActiveCfg = Debug|Any CPU
		{4545F36E-C5C3-4213-8DA2-21EBFBF8F89B}.Debug|Any CPU.Build.0 = Debug|Any CPU
		{4545F36E-C5C3-4213-8DA2-21EBFBF8F89B}.Release|Any CPU.ActiveCfg = Release|Any CPU
		{4545F36E-C5C3-4213-8DA2-21EBFBF8F89B}.Release|Any CPU.Build.0 = Release|Any CPU
	EndGlobalSection
	GlobalSection(SolutionProperties) = preSolution
		HideSolutionNode = FALSE
	EndGlobalSection
	GlobalSection(ExtensibilityGlobals) = postSolution
		SolutionGuid = {03C0212C-0024-4D39-BBD4-94623B2DBD4E}
	EndGlobalSection
EndGlobal
